
Microsoft Visual Studio Solution File, Format Version 12.00
# Visual Studio Version 16
VisualStudioVersion = 16.0.30413.136
MinimumVisualStudioVersion = 10.0.40219.1
Project("{FAE04EC0-301F-11D3-BF4B-00C04F79EFBC}") = "Notepad", "Notepad\Notepad.csproj", "{C7956C85-4E9B-46C2-907C-A2DF01E08396}"
EndProject
Global
	GlobalSection(SolutionConfigurationPlatforms) = preSolution
		Debug|Any CPU = Debug|Any CPU
		Release|Any CPU = Release|Any CPU
	EndGlobalSection
	GlobalSection(ProjectConfigurationPlatforms) = postSolution
		{C7956C85-4E9B-46C2-907C-A2DF01E08396}.Debug|Any CPU.ActiveCfg = Debug|Any CPU
		{C7956C85-4E9B-46C2-907C-A2DF01E08396}.Debug|Any CPU.Build.0 = Debug|Any CPU
		{C7956C85-4E9B-46C2-907C-A2DF01E08396}.Release|Any CPU.ActiveCfg = Release|Any CPU
		{C7956C85-4E9B-46C2-907C-A2DF01E08396}.Release|Any CPU.Build.0 = Release|Any CPU
	EndGlobalSection
	GlobalSection(SolutionProperties) = preSolution
		HideSolutionNode = FALSE
	EndGlobalSection
	GlobalSection(ExtensibilityGlobals) = postSolution
		SolutionGuid = {F157372C-F824-4F2A-BF66-99DD9B00429A}
	EndGlobalSection
EndGlobal
